
Microsoft Visual Studio Solution File, Format Version 12.00
Project("{FAE04EC0-301F-11D3-BF4B-00C04F79EFBC}") = "Hearald.Bot", "src\Hearald.Bot\Hearald.Bot.csproj", "{2F6A6238-3F79-482F-97A7-A0E3FA17AEB9}"
EndProject
Global
	GlobalSection(SolutionConfigurationPlatforms) = preSolution
		Debug|Any CPU = Debug|Any CPU
		Release|Any CPU = Release|Any CPU
	EndGlobalSection
	GlobalSection(ProjectConfigurationPlatforms) = postSolution
		{2F6A6238-3F79-482F-97A7-A0E3FA17AEB9}.Debug|Any CPU.ActiveCfg = Debug|Any CPU
		{2F6A6238-3F79-482F-97A7-A0E3FA17AEB9}.Debug|Any CPU.Build.0 = Debug|Any CPU
		{2F6A6238-3F79-482F-97A7-A0E3FA17AEB9}.Release|Any CPU.ActiveCfg = Release|Any CPU
		{2F6A6238-3F79-482F-97A7-A0E3FA17AEB9}.Release|Any CPU.Build.0 = Release|Any CPU
	EndGlobalSection
EndGlobal
